
Microsoft Visual Studio Solution File, Format Version 12.00
# Visual Studio Version 17
VisualStudioVersion = 17.7.34202.233
MinimumVisualStudioVersion = 10.0.40219.1
Project("{FAE04EC0-301F-11D3-BF4B-00C04F79EFBC}") = "TaxiStation.API", "TaxiStation.API\TaxiStation.API.csproj", "{3EF668A9-D190-4EA4-B77B-397110B0C4A3}"
EndProject
Global
	GlobalSection(SolutionConfigurationPlatforms) = preSolution
		Debug|Any CPU = Debug|Any CPU
		Release|Any CPU = Release|Any CPU
	EndGlobalSection
	GlobalSection(ProjectConfigurationPlatforms) = postSolution
		{3EF668A9-D190-4EA4-B77B-397110B0C4A3}.Debug|Any CPU.ActiveCfg = Debug|Any CPU
		{3EF668A9-D190-4EA4-B77B-397110B0C4A3}.Debug|Any CPU.Build.0 = Debug|Any CPU
		{3EF668A9-D190-4EA4-B77B-397110B0C4A3}.Release|Any CPU.ActiveCfg = Release|Any CPU
		{3EF668A9-D190-4EA4-B77B-397110B0C4A3}.Release|Any CPU.Build.0 = Release|Any CPU
	EndGlobalSection
	GlobalSection(SolutionProperties) = preSolution
		HideSolutionNode = FALSE
	EndGlobalSection
	GlobalSection(ExtensibilityGlobals) = postSolution
		SolutionGuid = {BEF7F0E9-F711-4656-BCBE-559B9841A547}
	EndGlobalSection
EndGlobal
